
Microsoft Visual Studio Solution File, Format Version 12.00
# Visual Studio Version 16
VisualStudioVersion = 16.0.29920.165
MinimumVisualStudioVersion = 10.0.40219.1
Project("{9A19103F-16F7-4668-BE54-9A1E7A4F7556}") = "ListaCursos", "ListaCursos.csproj", "{AF08B031-4FF6-4932-B4EA-AC153D5BA501}"
EndProject
Project("{FAE04EC0-301F-11D3-BF4B-00C04F79EFBC}") = "WebApiCursos", "..\WebApiCursos\WebApiCursos.csproj", "{7D9E7898-2961-4686-BCDF-BDA0369B0D14}"
EndProject
Global
	GlobalSection(SolutionConfigurationPlatforms) = preSolution
		Debug|Any CPU = Debug|Any CPU
		Release|Any CPU = Release|Any CPU
	EndGlobalSection
	GlobalSection(ProjectConfigurationPlatforms) = postSolution
		{AF08B031-4FF6-4932-B4EA-AC153D5BA501}.Debug|Any CPU.ActiveCfg = Debug|Any CPU
		{AF08B031-4FF6-4932-B4EA-AC153D5BA501}.Debug|Any CPU.Build.0 = Debug|Any CPU
		{AF08B031-4FF6-4932-B4EA-AC153D5BA501}.Release|Any CPU.ActiveCfg = Release|Any CPU
		{AF08B031-4FF6-4932-B4EA-AC153D5BA501}.Release|Any CPU.Build.0 = Release|Any CPU
		{7D9E7898-2961-4686-BCDF-BDA0369B0D14}.Debug|Any CPU.ActiveCfg = Debug|Any CPU
		{7D9E7898-2961-4686-BCDF-BDA0369B0D14}.Debug|Any CPU.Build.0 = Debug|Any CPU
		{7D9E7898-2961-4686-BCDF-BDA0369B0D14}.Release|Any CPU.ActiveCfg = Release|Any CPU
		{7D9E7898-2961-4686-BCDF-BDA0369B0D14}.Release|Any CPU.Build.0 = Release|Any CPU
	EndGlobalSection
	GlobalSection(SolutionProperties) = preSolution
		HideSolutionNode = FALSE
	EndGlobalSection
	GlobalSection(ExtensibilityGlobals) = postSolution
		SolutionGuid = {36C0D3E1-1861-4C78-B043-4E4100A208ED}
	EndGlobalSection
EndGlobal
